
Microsoft Visual Studio Solution File, Format Version 12.00
# Visual Studio Version 16
VisualStudioVersion = 16.0.31624.102
MinimumVisualStudioVersion = 10.0.40219.1
Project("{9A19103F-16F7-4668-BE54-9A1E7A4F7556}") = "T01UniqueUsernames", "SetsAndDictionariesAdvanced - Exercise\T01UniqueUsernames.csproj", "{6B53B3EA-41B1-4DE5-B344-E3014A5CE6CD}"
EndProject
Project("{9A19103F-16F7-4668-BE54-9A1E7A4F7556}") = "T02SetsOfElements", "T02SetsOfElements\T02SetsOfElements.csproj", "{CFD5ABF8-67B3-413C-9CE3-0CB76CFBEB17}"
EndProject
Project("{9A19103F-16F7-4668-BE54-9A1E7A4F7556}") = "T03PeriodicTable", "T03PeriodicTable\T03PeriodicTable.csproj", "{4B8AA1FE-9196-418A-9260-B76CD43EE3C7}"
EndProject
Project("{9A19103F-16F7-4668-BE54-9A1E7A4F7556}") = "T04EvenTimes", "T04EvenTimes\T04EvenTimes.csproj", "{F9F94ED4-A027-4933-82F0-4745B0A854FD}"
EndProject
Project("{9A19103F-16F7-4668-BE54-9A1E7A4F7556}") = "T05CountSymbols", "T05CountSymbols\T05CountSymbols.csproj", "{C5A46BF0-DBDB-4897-8B4E-435B2497574C}"
EndProject
Project("{9A19103F-16F7-4668-BE54-9A1E7A4F7556}") = "T05CountSymbolsVer2", "T05CountSymbolsVer2\T05CountSymbolsVer2.csproj", "{6A4E2B55-7E5A-44F4-854D-EF7B52543EC3}"
EndProject
Project("{9A19103F-16F7-4668-BE54-9A1E7A4F7556}") = "T06Wardrobe", "T06Wardrobe\T06Wardrobe.csproj", "{8FB91CA1-69D6-4681-9563-21911F5B7C6B}"
EndProject
Project("{9A19103F-16F7-4668-BE54-9A1E7A4F7556}") = "T07TheV-Logger", "T07TheV-Logger\T07TheV-Logger.csproj", "{CA5941F3-B869-4B88-A5AC-2C2259A11FB4}"
EndProject
Project("{9A19103F-16F7-4668-BE54-9A1E7A4F7556}") = "T08Ranking", "T08Ranking\T08Ranking.csproj", "{154053A5-0928-4CA5-AD1D-E44F988243C5}"
EndProject
Project("{FAE04EC0-301F-11D3-BF4B-00C04F79EFBC}") = "T09SoftUniExamResults", "T09SoftUniExamResults\T09SoftUniExamResults.csproj", "{512B1E8D-8E10-4CE3-9C67-B1DE8A433EDA}"
EndProject
Project("{FAE04EC0-301F-11D3-BF4B-00C04F79EFBC}") = "T10ForceBook", "T10ForceBook\T10ForceBook.csproj", "{5F0BAFB1-4BFD-4B93-9DDD-A0FD3589DC08}"
EndProject
Global
	GlobalSection(SolutionConfigurationPlatforms) = preSolution
		Debug|Any CPU = Debug|Any CPU
		Release|Any CPU = Release|Any CPU
	EndGlobalSection
	GlobalSection(ProjectConfigurationPlatforms) = postSolution
		{6B53B3EA-41B1-4DE5-B344-E3014A5CE6CD}.Debug|Any CPU.ActiveCfg = Debug|Any CPU
		{6B53B3EA-41B1-4DE5-B344-E3014A5CE6CD}.Debug|Any CPU.Build.0 = Debug|Any CPU
		{6B53B3EA-41B1-4DE5-B344-E3014A5CE6CD}.Release|Any CPU.ActiveCfg = Release|Any CPU
		{6B53B3EA-41B1-4DE5-B344-E3014A5CE6CD}.Release|Any CPU.Build.0 = Release|Any CPU
		{CFD5ABF8-67B3-413C-9CE3-0CB76CFBEB17}.Debug|Any CPU.ActiveCfg = Debug|Any CPU
		{CFD5ABF8-67B3-413C-9CE3-0CB76CFBEB17}.Debug|Any CPU.Build.0 = Debug|Any CPU
		{CFD5ABF8-67B3-413C-9CE3-0CB76CFBEB17}.Release|Any CPU.ActiveCfg = Release|Any CPU
		{CFD5ABF8-67B3-413C-9CE3-0CB76CFBEB17}.Release|Any CPU.Build.0 = Release|Any CPU
		{4B8AA1FE-9196-418A-9260-B76CD43EE3C7}.Debug|Any CPU.ActiveCfg = Debug|Any CPU
		{4B8AA1FE-9196-418A-9260-B76CD43EE3C7}.Debug|Any CPU.Build.0 = Debug|Any CPU
		{4B8AA1FE-9196-418A-9260-B76CD43EE3C7}.Release|Any CPU.ActiveCfg = Release|Any CPU
		{4B8AA1FE-9196-418A-9260-B76CD43EE3C7}.Release|Any CPU.Build.0 = Release|Any CPU
		{F9F94ED4-A027-4933-82F0-4745B0A854FD}.Debug|Any CPU.ActiveCfg = Debug|Any CPU
		{F9F94ED4-A027-4933-82F0-4745B0A854FD}.Debug|Any CPU.Build.0 = Debug|Any CPU
		{F9F94ED4-A027-4933-82F0-4745B0A854FD}.Release|Any CPU.ActiveCfg = Release|Any CPU
		{F9F94ED4-A027-4933-82F0-4745B0A854FD}.Release|Any CPU.Build.0 = Release|Any CPU
		{C5A46BF0-DBDB-4897-8B4E-435B2497574C}.Debug|Any CPU.ActiveCfg = Debug|Any CPU
		{C5A46BF0-DBDB-4897-8B4E-435B2497574C}.Debug|Any CPU.Build.0 = Debug|Any CPU
		{C5A46BF0-DBDB-4897-8B4E-435B2497574C}.Release|Any CPU.ActiveCfg = Release|Any CPU
		{C5A46BF0-DBDB-4897-8B4E-435B2497574C}.Release|Any CPU.Build.0 = Release|Any CPU
		{6A4E2B55-7E5A-44F4-854D-EF7B52543EC3}.Debug|Any CPU.ActiveCfg = Debug|Any CPU
		{6A4E2B55-7E5A-44F4-854D-EF7B52543EC3}.Debug|Any CPU.Build.0 = Debug|Any CPU
		{6A4E2B55-7E5A-44F4-854D-EF7B52543EC3}.Release|Any CPU.ActiveCfg = Release|Any CPU
		{6A4E2B55-7E5A-44F4-854D-EF7B52543EC3}.Release|Any CPU.Build.0 = Release|Any CPU
		{8FB91CA1-69D6-4681-9563-21911F5B7C6B}.Debug|Any CPU.ActiveCfg = Debug|Any CPU
		{8FB91CA1-69D6-4681-9563-21911F5B7C6B}.Debug|Any CPU.Build.0 = Debug|Any CPU
		{8FB91CA1-69D6-4681-9563-21911F5B7C6B}.Release|Any CPU.ActiveCfg = Release|Any CPU
		{8FB91CA1-69D6-4681-9563-21911F5B7C6B}.Release|Any CPU.Build.0 = Release|Any CPU
		{CA5941F3-B869-4B88-A5AC-2C2259A11FB4}.Debug|Any CPU.ActiveCfg = Debug|Any CPU
		{CA5941F3-B869-4B88-A5AC-2C2259A11FB4}.Debug|Any CPU.Build.0 = Debug|Any CPU
		{CA5941F3-B869-4B88-A5AC-2C2259A11FB4}.Release|Any CPU.ActiveCfg = Release|Any CPU
		{CA5941F3-B869-4B88-A5AC-2C2259A11FB4}.Release|Any CPU.Build.0 = Release|Any CPU
		{154053A5-0928-4CA5-AD1D-E44F988243C5}.Debug|Any CPU.ActiveCfg = Debug|Any CPU
		{154053A5-0928-4CA5-AD1D-E44F988243C5}.Debug|Any CPU.Build.0 = Debug|Any CPU
		{154053A5-0928-4CA5-AD1D-E44F988243C5}.Release|Any CPU.ActiveCfg = Release|Any CPU
		{154053A5-0928-4CA5-AD1D-E44F988243C5}.Release|Any CPU.Build.0 = Release|Any CPU
		{512B1E8D-8E10-4CE3-9C67-B1DE8A433EDA}.Debug|Any CPU.ActiveCfg = Debug|Any CPU
		{512B1E8D-8E10-4CE3-9C67-B1DE8A433EDA}.Debug|Any CPU.Build.0 = Debug|Any CPU
		{512B1E8D-8E10-4CE3-9C67-B1DE8A433EDA}.Release|Any CPU.ActiveCfg = Release|Any CPU
		{512B1E8D-8E10-4CE3-9C67-B1DE8A433EDA}.Release|Any CPU.Build.0 = Release|Any CPU
		{5F0BAFB1-4BFD-4B93-9DDD-A0FD3589DC08}.Debug|Any CPU.ActiveCfg = Debug|Any CPU
		{5F0BAFB1-4BFD-4B93-9DDD-A0FD3589DC08}.Debug|Any CPU.Build.0 = Debug|Any CPU
		{5F0BAFB1-4BFD-4B93-9DDD-A0FD3589DC08}.Release|Any CPU.ActiveCfg = Release|Any CPU
		{5F0BAFB1-4BFD-4B93-9DDD-A0FD3589DC08}.Release|Any CPU.Build.0 = Release|Any CPU
	EndGlobalSection
	GlobalSection(SolutionProperties) = preSolution
		HideSolutionNode = FALSE
	EndGlobalSection
	GlobalSection(ExtensibilityGlobals) = postSolution
		SolutionGuid = {822A14B5-BB30-45E0-8776-BAD3E6146B77}
	EndGlobalSection
EndGlobal
