
Microsoft Visual Studio Solution File, Format Version 12.00
# Visual Studio Version 16
VisualStudioVersion = 16.0.31624.102
MinimumVisualStudioVersion = 10.0.40219.1
Project("{9A19103F-16F7-4668-BE54-9A1E7A4F7556}") = "T01DefineAClassPerson", "DefiningClasses - Exercise\T01DefineAClassPerson.csproj", "{2796EFB2-3F89-4FB2-8DE0-4BF4A4F69F3E}"
EndProject
Project("{9A19103F-16F7-4668-BE54-9A1E7A4F7556}") = "T02CreatingConstructors", "T02CreatingConstructors\T02CreatingConstructors.csproj", "{C92F7630-C587-4FB5-B994-EE07E897D4E5}"
EndProject
Project("{9A19103F-16F7-4668-BE54-9A1E7A4F7556}") = "T03OldestFamilyMember", "T03OldestFamilyMember\T03OldestFamilyMember.csproj", "{6EDAD126-D75F-462B-A04E-096BCF76E438}"
EndProject
Project("{9A19103F-16F7-4668-BE54-9A1E7A4F7556}") = "T04OpinionPoll", "T04OpinionPoll\T04OpinionPoll.csproj", "{D23275C3-C3D5-4D68-9D05-64918E6E871A}"
EndProject
Project("{9A19103F-16F7-4668-BE54-9A1E7A4F7556}") = "T05DateModifier", "T05DateModifier\T05DateModifier.csproj", "{1C3D302C-91E1-4D7F-898D-35AE8571041B}"
EndProject
Project("{9A19103F-16F7-4668-BE54-9A1E7A4F7556}") = "T06SpeedRacing", "T06SpeedRacing\T06SpeedRacing.csproj", "{12531932-160B-45FC-820E-2B032834A274}"
EndProject
Project("{9A19103F-16F7-4668-BE54-9A1E7A4F7556}") = "T07RawData", "T07RawData\T07RawData.csproj", "{E4277F28-62EF-4B59-9782-57AE17481E49}"
EndProject
Project("{9A19103F-16F7-4668-BE54-9A1E7A4F7556}") = "T08CarSalesman", "T08CarSalesman\T08CarSalesman.csproj", "{00F671FB-C8F4-4D00-B1C4-77637CD933B2}"
EndProject
Project("{9A19103F-16F7-4668-BE54-9A1E7A4F7556}") = "T09PokemonTrainer", "T09PokemonTrainer\T09PokemonTrainer.csproj", "{D588B754-FB76-4B5A-A2B1-71175153EDF0}"
EndProject
Project("{FAE04EC0-301F-11D3-BF4B-00C04F79EFBC}") = "T10SoftUniParking", "T10SoftUniParking\T10SoftUniParking.csproj", "{657E33D3-8A81-4F88-AF87-5CBB12E95DE3}"
EndProject
Global
	GlobalSection(SolutionConfigurationPlatforms) = preSolution
		Debug|Any CPU = Debug|Any CPU
		Release|Any CPU = Release|Any CPU
	EndGlobalSection
	GlobalSection(ProjectConfigurationPlatforms) = postSolution
		{2796EFB2-3F89-4FB2-8DE0-4BF4A4F69F3E}.Debug|Any CPU.ActiveCfg = Debug|Any CPU
		{2796EFB2-3F89-4FB2-8DE0-4BF4A4F69F3E}.Debug|Any CPU.Build.0 = Debug|Any CPU
		{2796EFB2-3F89-4FB2-8DE0-4BF4A4F69F3E}.Release|Any CPU.ActiveCfg = Release|Any CPU
		{2796EFB2-3F89-4FB2-8DE0-4BF4A4F69F3E}.Release|Any CPU.Build.0 = Release|Any CPU
		{C92F7630-C587-4FB5-B994-EE07E897D4E5}.Debug|Any CPU.ActiveCfg = Debug|Any CPU
		{C92F7630-C587-4FB5-B994-EE07E897D4E5}.Debug|Any CPU.Build.0 = Debug|Any CPU
		{C92F7630-C587-4FB5-B994-EE07E897D4E5}.Release|Any CPU.ActiveCfg = Release|Any CPU
		{C92F7630-C587-4FB5-B994-EE07E897D4E5}.Release|Any CPU.Build.0 = Release|Any CPU
		{6EDAD126-D75F-462B-A04E-096BCF76E438}.Debug|Any CPU.ActiveCfg = Debug|Any CPU
		{6EDAD126-D75F-462B-A04E-096BCF76E438}.Debug|Any CPU.Build.0 = Debug|Any CPU
		{6EDAD126-D75F-462B-A04E-096BCF76E438}.Release|Any CPU.ActiveCfg = Release|Any CPU
		{6EDAD126-D75F-462B-A04E-096BCF76E438}.Release|Any CPU.Build.0 = Release|Any CPU
		{D23275C3-C3D5-4D68-9D05-64918E6E871A}.Debug|Any CPU.ActiveCfg = Debug|Any CPU
		{D23275C3-C3D5-4D68-9D05-64918E6E871A}.Debug|Any CPU.Build.0 = Debug|Any CPU
		{D23275C3-C3D5-4D68-9D05-64918E6E871A}.Release|Any CPU.ActiveCfg = Release|Any CPU
		{D23275C3-C3D5-4D68-9D05-64918E6E871A}.Release|Any CPU.Build.0 = Release|Any CPU
		{1C3D302C-91E1-4D7F-898D-35AE8571041B}.Debug|Any CPU.ActiveCfg = Debug|Any CPU
		{1C3D302C-91E1-4D7F-898D-35AE8571041B}.Debug|Any CPU.Build.0 = Debug|Any CPU
		{1C3D302C-91E1-4D7F-898D-35AE8571041B}.Release|Any CPU.ActiveCfg = Release|Any CPU
		{1C3D302C-91E1-4D7F-898D-35AE8571041B}.Release|Any CPU.Build.0 = Release|Any CPU
		{12531932-160B-45FC-820E-2B032834A274}.Debug|Any CPU.ActiveCfg = Debug|Any CPU
		{12531932-160B-45FC-820E-2B032834A274}.Debug|Any CPU.Build.0 = Debug|Any CPU
		{12531932-160B-45FC-820E-2B032834A274}.Release|Any CPU.ActiveCfg = Release|Any CPU
		{12531932-160B-45FC-820E-2B032834A274}.Release|Any CPU.Build.0 = Release|Any CPU
		{E4277F28-62EF-4B59-9782-57AE17481E49}.Debug|Any CPU.ActiveCfg = Debug|Any CPU
		{E4277F28-62EF-4B59-9782-57AE17481E49}.Debug|Any CPU.Build.0 = Debug|Any CPU
		{E4277F28-62EF-4B59-9782-57AE17481E49}.Release|Any CPU.ActiveCfg = Release|Any CPU
		{E4277F28-62EF-4B59-9782-57AE17481E49}.Release|Any CPU.Build.0 = Release|Any CPU
		{00F671FB-C8F4-4D00-B1C4-77637CD933B2}.Debug|Any CPU.ActiveCfg = Debug|Any CPU
		{00F671FB-C8F4-4D00-B1C4-77637CD933B2}.Debug|Any CPU.Build.0 = Debug|Any CPU
		{00F671FB-C8F4-4D00-B1C4-77637CD933B2}.Release|Any CPU.ActiveCfg = Release|Any CPU
		{00F671FB-C8F4-4D00-B1C4-77637CD933B2}.Release|Any CPU.Build.0 = Release|Any CPU
		{D588B754-FB76-4B5A-A2B1-71175153EDF0}.Debug|Any CPU.ActiveCfg = Debug|Any CPU
		{D588B754-FB76-4B5A-A2B1-71175153EDF0}.Debug|Any CPU.Build.0 = Debug|Any CPU
		{D588B754-FB76-4B5A-A2B1-71175153EDF0}.Release|Any CPU.ActiveCfg = Release|Any CPU
		{D588B754-FB76-4B5A-A2B1-71175153EDF0}.Release|Any CPU.Build.0 = Release|Any CPU
		{657E33D3-8A81-4F88-AF87-5CBB12E95DE3}.Debug|Any CPU.ActiveCfg = Debug|Any CPU
		{657E33D3-8A81-4F88-AF87-5CBB12E95DE3}.Debug|Any CPU.Build.0 = Debug|Any CPU
		{657E33D3-8A81-4F88-AF87-5CBB12E95DE3}.Release|Any CPU.ActiveCfg = Release|Any CPU
		{657E33D3-8A81-4F88-AF87-5CBB12E95DE3}.Release|Any CPU.Build.0 = Release|Any CPU
	EndGlobalSection
	GlobalSection(SolutionProperties) = preSolution
		HideSolutionNode = FALSE
	EndGlobalSection
	GlobalSection(ExtensibilityGlobals) = postSolution
		SolutionGuid = {E4EDE9EC-625C-4771-AD5A-8AD279759E9D}
	EndGlobalSection
EndGlobal
