
Microsoft Visual Studio Solution File, Format Version 12.00
# Visual Studio Version 16
VisualStudioVersion = 16.0.32228.343
MinimumVisualStudioVersion = 10.0.40219.1
Project("{FAE04EC0-301F-11D3-BF4B-00C04F79EFBC}") = "T01ReverseStrings", "StackAndQueues - Lab\T01ReverseStrings.csproj", "{DCFD0EC3-CE5E-453E-95C0-D8D84853A050}"
EndProject
Project("{FAE04EC0-301F-11D3-BF4B-00C04F79EFBC}") = "T02StackSum", "T02StackSum\T02StackSum.csproj", "{8521109A-DFFD-4B45-B396-417BFCF55C55}"
EndProject
Project("{FAE04EC0-301F-11D3-BF4B-00C04F79EFBC}") = "T03SimpleCalculator", "T03SimpleCalculator\T03SimpleCalculator.csproj", "{5A998BFE-B9FA-4467-93B1-8B6198B15D27}"
EndProject
Project("{FAE04EC0-301F-11D3-BF4B-00C04F79EFBC}") = "T04MatchingBrackets", "T04MatchingBrackets\T04MatchingBrackets.csproj", "{73C62A59-14A2-4C81-A644-CF5D63967FAE}"
EndProject
Project("{FAE04EC0-301F-11D3-BF4B-00C04F79EFBC}") = "T05PrintEvenNumbers", "T05PrintEvenNumbers\T05PrintEvenNumbers.csproj", "{4BD93D7B-56F1-4897-B5A8-4F03C36472AE}"
EndProject
Project("{FAE04EC0-301F-11D3-BF4B-00C04F79EFBC}") = "T06Supermarket", "T06Supermarket\T06Supermarket.csproj", "{0DCE9491-9527-4B0B-9676-354C9A89F1F6}"
EndProject
Project("{FAE04EC0-301F-11D3-BF4B-00C04F79EFBC}") = "T07HotPotato", "T07HotPotato\T07HotPotato.csproj", "{B6A3084E-4E20-4740-BB63-A553DB858614}"
EndProject
Project("{FAE04EC0-301F-11D3-BF4B-00C04F79EFBC}") = "T08TrafficJam", "T08TrafficJam\T08TrafficJam.csproj", "{2B290187-5AA9-4702-B211-FC3549366ED4}"
EndProject
Global
	GlobalSection(SolutionConfigurationPlatforms) = preSolution
		Debug|Any CPU = Debug|Any CPU
		Release|Any CPU = Release|Any CPU
	EndGlobalSection
	GlobalSection(ProjectConfigurationPlatforms) = postSolution
		{DCFD0EC3-CE5E-453E-95C0-D8D84853A050}.Debug|Any CPU.ActiveCfg = Debug|Any CPU
		{DCFD0EC3-CE5E-453E-95C0-D8D84853A050}.Debug|Any CPU.Build.0 = Debug|Any CPU
		{DCFD0EC3-CE5E-453E-95C0-D8D84853A050}.Release|Any CPU.ActiveCfg = Release|Any CPU
		{DCFD0EC3-CE5E-453E-95C0-D8D84853A050}.Release|Any CPU.Build.0 = Release|Any CPU
		{8521109A-DFFD-4B45-B396-417BFCF55C55}.Debug|Any CPU.ActiveCfg = Debug|Any CPU
		{8521109A-DFFD-4B45-B396-417BFCF55C55}.Debug|Any CPU.Build.0 = Debug|Any CPU
		{8521109A-DFFD-4B45-B396-417BFCF55C55}.Release|Any CPU.ActiveCfg = Release|Any CPU
		{8521109A-DFFD-4B45-B396-417BFCF55C55}.Release|Any CPU.Build.0 = Release|Any CPU
		{5A998BFE-B9FA-4467-93B1-8B6198B15D27}.Debug|Any CPU.ActiveCfg = Debug|Any CPU
		{5A998BFE-B9FA-4467-93B1-8B6198B15D27}.Debug|Any CPU.Build.0 = Debug|Any CPU
		{5A998BFE-B9FA-4467-93B1-8B6198B15D27}.Release|Any CPU.ActiveCfg = Release|Any CPU
		{5A998BFE-B9FA-4467-93B1-8B6198B15D27}.Release|Any CPU.Build.0 = Release|Any CPU
		{73C62A59-14A2-4C81-A644-CF5D63967FAE}.Debug|Any CPU.ActiveCfg = Debug|Any CPU
		{73C62A59-14A2-4C81-A644-CF5D63967FAE}.Debug|Any CPU.Build.0 = Debug|Any CPU
		{73C62A59-14A2-4C81-A644-CF5D63967FAE}.Release|Any CPU.ActiveCfg = Release|Any CPU
		{73C62A59-14A2-4C81-A644-CF5D63967FAE}.Release|Any CPU.Build.0 = Release|Any CPU
		{4BD93D7B-56F1-4897-B5A8-4F03C36472AE}.Debug|Any CPU.ActiveCfg = Debug|Any CPU
		{4BD93D7B-56F1-4897-B5A8-4F03C36472AE}.Debug|Any CPU.Build.0 = Debug|Any CPU
		{4BD93D7B-56F1-4897-B5A8-4F03C36472AE}.Release|Any CPU.ActiveCfg = Release|Any CPU
		{4BD93D7B-56F1-4897-B5A8-4F03C36472AE}.Release|Any CPU.Build.0 = Release|Any CPU
		{0DCE9491-9527-4B0B-9676-354C9A89F1F6}.Debug|Any CPU.ActiveCfg = Debug|Any CPU
		{0DCE9491-9527-4B0B-9676-354C9A89F1F6}.Debug|Any CPU.Build.0 = Debug|Any CPU
		{0DCE9491-9527-4B0B-9676-354C9A89F1F6}.Release|Any CPU.ActiveCfg = Release|Any CPU
		{0DCE9491-9527-4B0B-9676-354C9A89F1F6}.Release|Any CPU.Build.0 = Release|Any CPU
		{B6A3084E-4E20-4740-BB63-A553DB858614}.Debug|Any CPU.ActiveCfg = Debug|Any CPU
		{B6A3084E-4E20-4740-BB63-A553DB858614}.Debug|Any CPU.Build.0 = Debug|Any CPU
		{B6A3084E-4E20-4740-BB63-A553DB858614}.Release|Any CPU.ActiveCfg = Release|Any CPU
		{B6A3084E-4E20-4740-BB63-A553DB858614}.Release|Any CPU.Build.0 = Release|Any CPU
		{2B290187-5AA9-4702-B211-FC3549366ED4}.Debug|Any CPU.ActiveCfg = Debug|Any CPU
		{2B290187-5AA9-4702-B211-FC3549366ED4}.Debug|Any CPU.Build.0 = Debug|Any CPU
		{2B290187-5AA9-4702-B211-FC3549366ED4}.Release|Any CPU.ActiveCfg = Release|Any CPU
		{2B290187-5AA9-4702-B211-FC3549366ED4}.Release|Any CPU.Build.0 = Release|Any CPU
	EndGlobalSection
	GlobalSection(SolutionProperties) = preSolution
		HideSolutionNode = FALSE
	EndGlobalSection
	GlobalSection(ExtensibilityGlobals) = postSolution
		SolutionGuid = {432D8F7C-E5A0-49CF-AE07-29663C2768BA}
	EndGlobalSection
EndGlobal
