
Microsoft Visual Studio Solution File, Format Version 12.00
# Visual Studio Version 16
VisualStudioVersion = 16.0.31624.102
MinimumVisualStudioVersion = 10.0.40219.1
Project("{9A19103F-16F7-4668-BE54-9A1E7A4F7556}") = "OddLines", "StreamsFilesAndDirectories - Lab\OddLines.csproj", "{F3D3EAA3-9CB7-4C8C-AEC5-4FCB056BE555}"
EndProject
Project("{9A19103F-16F7-4668-BE54-9A1E7A4F7556}") = "LineNumbers", "T02LineNumbers\LineNumbers.csproj", "{5EB5B5AA-FA8E-4865-8C3D-86EA010D4797}"
EndProject
Project("{9A19103F-16F7-4668-BE54-9A1E7A4F7556}") = "WordCount", "T03WordCount\WordCount.csproj", "{4C63EAA5-41CB-4995-94A4-30B98F844D1E}"
EndProject
Project("{9A19103F-16F7-4668-BE54-9A1E7A4F7556}") = "MergeFiles", "MergeFiles\MergeFiles.csproj", "{F6C7E236-EE68-49AE-9EBC-8931753C8B39}"
EndProject
Project("{9A19103F-16F7-4668-BE54-9A1E7A4F7556}") = "ExtractSpecialBytes", "ExtractSpecialBytes\ExtractSpecialBytes.csproj", "{3D9786C3-A4DE-41FF-862C-B156257F6C3C}"
EndProject
Project("{9A19103F-16F7-4668-BE54-9A1E7A4F7556}") = "SplitMergeBinaryFile", "SplitMergeBinaryFile\SplitMergeBinaryFile.csproj", "{CE6CD103-EE37-4DF9-B286-80E2B7A1EC68}"
EndProject
Project("{9A19103F-16F7-4668-BE54-9A1E7A4F7556}") = "FolderSize", "FolderSize\FolderSize.csproj", "{E0CCBC16-1198-40D6-A197-FACF95077C95}"
EndProject
Project("{FAE04EC0-301F-11D3-BF4B-00C04F79EFBC}") = "Proba", "Proba\Proba.csproj", "{29E2BC02-35E7-400A-A073-70D6B46D7D84}"
EndProject
Global
	GlobalSection(SolutionConfigurationPlatforms) = preSolution
		Debug|Any CPU = Debug|Any CPU
		Release|Any CPU = Release|Any CPU
	EndGlobalSection
	GlobalSection(ProjectConfigurationPlatforms) = postSolution
		{F3D3EAA3-9CB7-4C8C-AEC5-4FCB056BE555}.Debug|Any CPU.ActiveCfg = Debug|Any CPU
		{F3D3EAA3-9CB7-4C8C-AEC5-4FCB056BE555}.Debug|Any CPU.Build.0 = Debug|Any CPU
		{F3D3EAA3-9CB7-4C8C-AEC5-4FCB056BE555}.Release|Any CPU.ActiveCfg = Release|Any CPU
		{F3D3EAA3-9CB7-4C8C-AEC5-4FCB056BE555}.Release|Any CPU.Build.0 = Release|Any CPU
		{5EB5B5AA-FA8E-4865-8C3D-86EA010D4797}.Debug|Any CPU.ActiveCfg = Debug|Any CPU
		{5EB5B5AA-FA8E-4865-8C3D-86EA010D4797}.Debug|Any CPU.Build.0 = Debug|Any CPU
		{5EB5B5AA-FA8E-4865-8C3D-86EA010D4797}.Release|Any CPU.ActiveCfg = Release|Any CPU
		{5EB5B5AA-FA8E-4865-8C3D-86EA010D4797}.Release|Any CPU.Build.0 = Release|Any CPU
		{4C63EAA5-41CB-4995-94A4-30B98F844D1E}.Debug|Any CPU.ActiveCfg = Debug|Any CPU
		{4C63EAA5-41CB-4995-94A4-30B98F844D1E}.Debug|Any CPU.Build.0 = Debug|Any CPU
		{4C63EAA5-41CB-4995-94A4-30B98F844D1E}.Release|Any CPU.ActiveCfg = Release|Any CPU
		{4C63EAA5-41CB-4995-94A4-30B98F844D1E}.Release|Any CPU.Build.0 = Release|Any CPU
		{F6C7E236-EE68-49AE-9EBC-8931753C8B39}.Debug|Any CPU.ActiveCfg = Debug|Any CPU
		{F6C7E236-EE68-49AE-9EBC-8931753C8B39}.Debug|Any CPU.Build.0 = Debug|Any CPU
		{F6C7E236-EE68-49AE-9EBC-8931753C8B39}.Release|Any CPU.ActiveCfg = Release|Any CPU
		{F6C7E236-EE68-49AE-9EBC-8931753C8B39}.Release|Any CPU.Build.0 = Release|Any CPU
		{3D9786C3-A4DE-41FF-862C-B156257F6C3C}.Debug|Any CPU.ActiveCfg = Debug|Any CPU
		{3D9786C3-A4DE-41FF-862C-B156257F6C3C}.Debug|Any CPU.Build.0 = Debug|Any CPU
		{3D9786C3-A4DE-41FF-862C-B156257F6C3C}.Release|Any CPU.ActiveCfg = Release|Any CPU
		{3D9786C3-A4DE-41FF-862C-B156257F6C3C}.Release|Any CPU.Build.0 = Release|Any CPU
		{CE6CD103-EE37-4DF9-B286-80E2B7A1EC68}.Debug|Any CPU.ActiveCfg = Debug|Any CPU
		{CE6CD103-EE37-4DF9-B286-80E2B7A1EC68}.Debug|Any CPU.Build.0 = Debug|Any CPU
		{CE6CD103-EE37-4DF9-B286-80E2B7A1EC68}.Release|Any CPU.ActiveCfg = Release|Any CPU
		{CE6CD103-EE37-4DF9-B286-80E2B7A1EC68}.Release|Any CPU.Build.0 = Release|Any CPU
		{E0CCBC16-1198-40D6-A197-FACF95077C95}.Debug|Any CPU.ActiveCfg = Debug|Any CPU
		{E0CCBC16-1198-40D6-A197-FACF95077C95}.Debug|Any CPU.Build.0 = Debug|Any CPU
		{E0CCBC16-1198-40D6-A197-FACF95077C95}.Release|Any CPU.ActiveCfg = Release|Any CPU
		{E0CCBC16-1198-40D6-A197-FACF95077C95}.Release|Any CPU.Build.0 = Release|Any CPU
		{29E2BC02-35E7-400A-A073-70D6B46D7D84}.Debug|Any CPU.ActiveCfg = Debug|Any CPU
		{29E2BC02-35E7-400A-A073-70D6B46D7D84}.Debug|Any CPU.Build.0 = Debug|Any CPU
		{29E2BC02-35E7-400A-A073-70D6B46D7D84}.Release|Any CPU.ActiveCfg = Release|Any CPU
		{29E2BC02-35E7-400A-A073-70D6B46D7D84}.Release|Any CPU.Build.0 = Release|Any CPU
	EndGlobalSection
	GlobalSection(SolutionProperties) = preSolution
		HideSolutionNode = FALSE
	EndGlobalSection
	GlobalSection(ExtensibilityGlobals) = postSolution
		SolutionGuid = {850B26A5-E56C-4DD1-B8C6-BB716B29E6CD}
	EndGlobalSection
EndGlobal
