
Microsoft Visual Studio Solution File, Format Version 12.00
# Visual Studio Version 16
VisualStudioVersion = 16.0.31624.102
MinimumVisualStudioVersion = 10.0.40219.1
Project("{9A19103F-16F7-4668-BE54-9A1E7A4F7556}") = "EvenLines", "Streams, Files and Directories - Exercises\EvenLines.csproj", "{E0C25A85-2C16-4CF4-AFDE-EAE539520F31}"
EndProject
Project("{9A19103F-16F7-4668-BE54-9A1E7A4F7556}") = "LineNumbers", "LineNumbers\LineNumbers.csproj", "{403179B7-876A-453B-B040-FCF6223F222F}"
EndProject
Project("{9A19103F-16F7-4668-BE54-9A1E7A4F7556}") = "CopyBinaryFile", "CopyBinaryFile\CopyBinaryFile.csproj", "{7A1049BE-E559-44E6-8E2F-7952EBB4B017}"
EndProject
Project("{9A19103F-16F7-4668-BE54-9A1E7A4F7556}") = "DirectoryTraversal", "DirectoryTraversal\DirectoryTraversal.csproj", "{32DEC1BF-7924-4916-8ED2-9A2F15DC764F}"
EndProject
Project("{9A19103F-16F7-4668-BE54-9A1E7A4F7556}") = "CopyDirectoryContents", "CopyDirectoryContents\CopyDirectoryContents.csproj", "{E31C33F4-6763-422E-987B-CEB2E2238934}"
EndProject
Project("{FAE04EC0-301F-11D3-BF4B-00C04F79EFBC}") = "ZipAndExtracts", "ZipAndExtracts\ZipAndExtracts.csproj", "{9CD12AE8-D1D2-4181-901C-55667C748CB3}"
EndProject
Global
	GlobalSection(SolutionConfigurationPlatforms) = preSolution
		Debug|Any CPU = Debug|Any CPU
		Release|Any CPU = Release|Any CPU
	EndGlobalSection
	GlobalSection(ProjectConfigurationPlatforms) = postSolution
		{E0C25A85-2C16-4CF4-AFDE-EAE539520F31}.Debug|Any CPU.ActiveCfg = Debug|Any CPU
		{E0C25A85-2C16-4CF4-AFDE-EAE539520F31}.Debug|Any CPU.Build.0 = Debug|Any CPU
		{E0C25A85-2C16-4CF4-AFDE-EAE539520F31}.Release|Any CPU.ActiveCfg = Release|Any CPU
		{E0C25A85-2C16-4CF4-AFDE-EAE539520F31}.Release|Any CPU.Build.0 = Release|Any CPU
		{403179B7-876A-453B-B040-FCF6223F222F}.Debug|Any CPU.ActiveCfg = Debug|Any CPU
		{403179B7-876A-453B-B040-FCF6223F222F}.Debug|Any CPU.Build.0 = Debug|Any CPU
		{403179B7-876A-453B-B040-FCF6223F222F}.Release|Any CPU.ActiveCfg = Release|Any CPU
		{403179B7-876A-453B-B040-FCF6223F222F}.Release|Any CPU.Build.0 = Release|Any CPU
		{7A1049BE-E559-44E6-8E2F-7952EBB4B017}.Debug|Any CPU.ActiveCfg = Debug|Any CPU
		{7A1049BE-E559-44E6-8E2F-7952EBB4B017}.Debug|Any CPU.Build.0 = Debug|Any CPU
		{7A1049BE-E559-44E6-8E2F-7952EBB4B017}.Release|Any CPU.ActiveCfg = Release|Any CPU
		{7A1049BE-E559-44E6-8E2F-7952EBB4B017}.Release|Any CPU.Build.0 = Release|Any CPU
		{32DEC1BF-7924-4916-8ED2-9A2F15DC764F}.Debug|Any CPU.ActiveCfg = Debug|Any CPU
		{32DEC1BF-7924-4916-8ED2-9A2F15DC764F}.Debug|Any CPU.Build.0 = Debug|Any CPU
		{32DEC1BF-7924-4916-8ED2-9A2F15DC764F}.Release|Any CPU.ActiveCfg = Release|Any CPU
		{32DEC1BF-7924-4916-8ED2-9A2F15DC764F}.Release|Any CPU.Build.0 = Release|Any CPU
		{E31C33F4-6763-422E-987B-CEB2E2238934}.Debug|Any CPU.ActiveCfg = Debug|Any CPU
		{E31C33F4-6763-422E-987B-CEB2E2238934}.Debug|Any CPU.Build.0 = Debug|Any CPU
		{E31C33F4-6763-422E-987B-CEB2E2238934}.Release|Any CPU.ActiveCfg = Release|Any CPU
		{E31C33F4-6763-422E-987B-CEB2E2238934}.Release|Any CPU.Build.0 = Release|Any CPU
		{9CD12AE8-D1D2-4181-901C-55667C748CB3}.Debug|Any CPU.ActiveCfg = Debug|Any CPU
		{9CD12AE8-D1D2-4181-901C-55667C748CB3}.Debug|Any CPU.Build.0 = Debug|Any CPU
		{9CD12AE8-D1D2-4181-901C-55667C748CB3}.Release|Any CPU.ActiveCfg = Release|Any CPU
		{9CD12AE8-D1D2-4181-901C-55667C748CB3}.Release|Any CPU.Build.0 = Release|Any CPU
	EndGlobalSection
	GlobalSection(SolutionProperties) = preSolution
		HideSolutionNode = FALSE
	EndGlobalSection
	GlobalSection(ExtensibilityGlobals) = postSolution
		SolutionGuid = {307F0895-0815-42F6-9B34-88B01E385ED2}
	EndGlobalSection
EndGlobal
