
Microsoft Visual Studio Solution File, Format Version 12.00
# Visual Studio Version 16
VisualStudioVersion = 16.0.31624.102
MinimumVisualStudioVersion = 10.0.40219.1
Project("{9A19103F-16F7-4668-BE54-9A1E7A4F7556}") = "T01ListyIterator", "IteratorsAndComparators - Exercise\T01ListyIterator.csproj", "{CE3CBB4D-FE0D-49C3-A0D9-F3509DED6A39}"
EndProject
Project("{9A19103F-16F7-4668-BE54-9A1E7A4F7556}") = "T02Collection", "T02Collection\T02Collection.csproj", "{03622754-6008-40F1-9116-E43771008599}"
EndProject
Project("{9A19103F-16F7-4668-BE54-9A1E7A4F7556}") = "T03Stack", "T03Stack\T03Stack.csproj", "{E9AB8ACB-62D2-4DB6-8928-E5118B1673A6}"
EndProject
Project("{9A19103F-16F7-4668-BE54-9A1E7A4F7556}") = "T04Froggy", "T04Froggy\T04Froggy.csproj", "{153E71A7-D710-47DC-9C56-3DC448BD9737}"
EndProject
Project("{9A19103F-16F7-4668-BE54-9A1E7A4F7556}") = "T05ComparingObjects", "T05ComparingObjects\T05ComparingObjects.csproj", "{EF6740FC-F104-4AD9-8130-60F0588304E7}"
EndProject
Project("{FAE04EC0-301F-11D3-BF4B-00C04F79EFBC}") = "T06EqualityLogic", "T06EqualityLogic\T06EqualityLogic.csproj", "{43308C77-5C56-4E73-99DE-400DFCFF993A}"
EndProject
Project("{FAE04EC0-301F-11D3-BF4B-00C04F79EFBC}") = "T07CustomComparator", "T07CustomComparator\T07CustomComparator.csproj", "{93224088-8A86-4643-BFA5-D15709A3BFF9}"
EndProject
Project("{FAE04EC0-301F-11D3-BF4B-00C04F79EFBC}") = "T08CustomLinkedList", "T08CustomLinkedList\T08CustomLinkedList.csproj", "{72C2E40F-9217-4370-AB0B-0ABE5398EC9B}"
EndProject
Global
	GlobalSection(SolutionConfigurationPlatforms) = preSolution
		Debug|Any CPU = Debug|Any CPU
		Release|Any CPU = Release|Any CPU
	EndGlobalSection
	GlobalSection(ProjectConfigurationPlatforms) = postSolution
		{CE3CBB4D-FE0D-49C3-A0D9-F3509DED6A39}.Debug|Any CPU.ActiveCfg = Debug|Any CPU
		{CE3CBB4D-FE0D-49C3-A0D9-F3509DED6A39}.Debug|Any CPU.Build.0 = Debug|Any CPU
		{CE3CBB4D-FE0D-49C3-A0D9-F3509DED6A39}.Release|Any CPU.ActiveCfg = Release|Any CPU
		{CE3CBB4D-FE0D-49C3-A0D9-F3509DED6A39}.Release|Any CPU.Build.0 = Release|Any CPU
		{03622754-6008-40F1-9116-E43771008599}.Debug|Any CPU.ActiveCfg = Debug|Any CPU
		{03622754-6008-40F1-9116-E43771008599}.Debug|Any CPU.Build.0 = Debug|Any CPU
		{03622754-6008-40F1-9116-E43771008599}.Release|Any CPU.ActiveCfg = Release|Any CPU
		{03622754-6008-40F1-9116-E43771008599}.Release|Any CPU.Build.0 = Release|Any CPU
		{E9AB8ACB-62D2-4DB6-8928-E5118B1673A6}.Debug|Any CPU.ActiveCfg = Debug|Any CPU
		{E9AB8ACB-62D2-4DB6-8928-E5118B1673A6}.Debug|Any CPU.Build.0 = Debug|Any CPU
		{E9AB8ACB-62D2-4DB6-8928-E5118B1673A6}.Release|Any CPU.ActiveCfg = Release|Any CPU
		{E9AB8ACB-62D2-4DB6-8928-E5118B1673A6}.Release|Any CPU.Build.0 = Release|Any CPU
		{153E71A7-D710-47DC-9C56-3DC448BD9737}.Debug|Any CPU.ActiveCfg = Debug|Any CPU
		{153E71A7-D710-47DC-9C56-3DC448BD9737}.Debug|Any CPU.Build.0 = Debug|Any CPU
		{153E71A7-D710-47DC-9C56-3DC448BD9737}.Release|Any CPU.ActiveCfg = Release|Any CPU
		{153E71A7-D710-47DC-9C56-3DC448BD9737}.Release|Any CPU.Build.0 = Release|Any CPU
		{EF6740FC-F104-4AD9-8130-60F0588304E7}.Debug|Any CPU.ActiveCfg = Debug|Any CPU
		{EF6740FC-F104-4AD9-8130-60F0588304E7}.Debug|Any CPU.Build.0 = Debug|Any CPU
		{EF6740FC-F104-4AD9-8130-60F0588304E7}.Release|Any CPU.ActiveCfg = Release|Any CPU
		{EF6740FC-F104-4AD9-8130-60F0588304E7}.Release|Any CPU.Build.0 = Release|Any CPU
		{43308C77-5C56-4E73-99DE-400DFCFF993A}.Debug|Any CPU.ActiveCfg = Debug|Any CPU
		{43308C77-5C56-4E73-99DE-400DFCFF993A}.Debug|Any CPU.Build.0 = Debug|Any CPU
		{43308C77-5C56-4E73-99DE-400DFCFF993A}.Release|Any CPU.ActiveCfg = Release|Any CPU
		{43308C77-5C56-4E73-99DE-400DFCFF993A}.Release|Any CPU.Build.0 = Release|Any CPU
		{93224088-8A86-4643-BFA5-D15709A3BFF9}.Debug|Any CPU.ActiveCfg = Debug|Any CPU
		{93224088-8A86-4643-BFA5-D15709A3BFF9}.Debug|Any CPU.Build.0 = Debug|Any CPU
		{93224088-8A86-4643-BFA5-D15709A3BFF9}.Release|Any CPU.ActiveCfg = Release|Any CPU
		{93224088-8A86-4643-BFA5-D15709A3BFF9}.Release|Any CPU.Build.0 = Release|Any CPU
		{72C2E40F-9217-4370-AB0B-0ABE5398EC9B}.Debug|Any CPU.ActiveCfg = Debug|Any CPU
		{72C2E40F-9217-4370-AB0B-0ABE5398EC9B}.Debug|Any CPU.Build.0 = Debug|Any CPU
		{72C2E40F-9217-4370-AB0B-0ABE5398EC9B}.Release|Any CPU.ActiveCfg = Release|Any CPU
		{72C2E40F-9217-4370-AB0B-0ABE5398EC9B}.Release|Any CPU.Build.0 = Release|Any CPU
	EndGlobalSection
	GlobalSection(SolutionProperties) = preSolution
		HideSolutionNode = FALSE
	EndGlobalSection
	GlobalSection(ExtensibilityGlobals) = postSolution
		SolutionGuid = {797C9D64-F55F-4868-B754-DE2C4E8C62F5}
	EndGlobalSection
EndGlobal
