
Microsoft Visual Studio Solution File, Format Version 12.00
# Visual Studio Version 16
VisualStudioVersion = 16.0.31624.102
MinimumVisualStudioVersion = 10.0.40219.1
Project("{FAE04EC0-301F-11D3-BF4B-00C04F79EFBC}") = "T01CountSameValuesInArray", "SetsAndDictionariesAdvanced - Lab\T01CountSameValuesInArray.csproj", "{FAA2D73E-856C-4C74-BFFF-9CC8805F9DA0}"
EndProject
Project("{FAE04EC0-301F-11D3-BF4B-00C04F79EFBC}") = "Т02AverageStudenтGrades", "Т02AverageStudenтGrades\Т02AverageStudenтGrades.csproj", "{1936A242-A4FE-4707-9B26-4C30C4D6594B}"
EndProject
Project("{FAE04EC0-301F-11D3-BF4B-00C04F79EFBC}") = "T03Largest3Numbers", "T03Largest3Numbers\T03Largest3Numbers.csproj", "{7A4DA7A1-67BF-44B3-9DDC-9BA22386D44F}"
EndProject
Project("{FAE04EC0-301F-11D3-BF4B-00C04F79EFBC}") = "T04ProductShop", "T04ProductShop\T04ProductShop.csproj", "{E60345DC-5C10-4039-928B-66B09F0CEE2C}"
EndProject
Project("{FAE04EC0-301F-11D3-BF4B-00C04F79EFBC}") = "T05CitiesByContinentAndCountry", "T05CitiesByContinentAndCountry\T05CitiesByContinentAndCountry.csproj", "{2D079422-BE3E-4496-9371-81220B3EFDA3}"
EndProject
Project("{FAE04EC0-301F-11D3-BF4B-00C04F79EFBC}") = "T06RecordUniqueNames", "T06RecordUniqueNames\T06RecordUniqueNames.csproj", "{011435FD-E4AD-49E9-9A8D-E7213A552041}"
EndProject
Project("{FAE04EC0-301F-11D3-BF4B-00C04F79EFBC}") = "T07ParkingLot", "T07ParkingLot\T07ParkingLot.csproj", "{C42CCED4-F035-4EBC-8ED3-BC7E9397B4EC}"
EndProject
Project("{FAE04EC0-301F-11D3-BF4B-00C04F79EFBC}") = "T07ParkingLotVer2", "T07ParkingLotVer2\T07ParkingLotVer2.csproj", "{EECFF61A-566B-4DD3-8ADD-7B1F8F50B27B}"
EndProject
Project("{FAE04EC0-301F-11D3-BF4B-00C04F79EFBC}") = "T08SoftUniParty", "T08SoftUniParty\T08SoftUniParty.csproj", "{F56B8688-0BC7-4BB8-9CC3-078EF83C93EA}"
EndProject
Project("{FAE04EC0-301F-11D3-BF4B-00C04F79EFBC}") = "T08SoftUniPartyVer2", "T08SoftUniPartyVer2\T08SoftUniPartyVer2.csproj", "{852DD1A3-E768-4217-A5B8-9D92251D024E}"
EndProject
Global
	GlobalSection(SolutionConfigurationPlatforms) = preSolution
		Debug|Any CPU = Debug|Any CPU
		Release|Any CPU = Release|Any CPU
	EndGlobalSection
	GlobalSection(ProjectConfigurationPlatforms) = postSolution
		{FAA2D73E-856C-4C74-BFFF-9CC8805F9DA0}.Debug|Any CPU.ActiveCfg = Debug|Any CPU
		{FAA2D73E-856C-4C74-BFFF-9CC8805F9DA0}.Debug|Any CPU.Build.0 = Debug|Any CPU
		{FAA2D73E-856C-4C74-BFFF-9CC8805F9DA0}.Release|Any CPU.ActiveCfg = Release|Any CPU
		{FAA2D73E-856C-4C74-BFFF-9CC8805F9DA0}.Release|Any CPU.Build.0 = Release|Any CPU
		{1936A242-A4FE-4707-9B26-4C30C4D6594B}.Debug|Any CPU.ActiveCfg = Debug|Any CPU
		{1936A242-A4FE-4707-9B26-4C30C4D6594B}.Debug|Any CPU.Build.0 = Debug|Any CPU
		{1936A242-A4FE-4707-9B26-4C30C4D6594B}.Release|Any CPU.ActiveCfg = Release|Any CPU
		{1936A242-A4FE-4707-9B26-4C30C4D6594B}.Release|Any CPU.Build.0 = Release|Any CPU
		{7A4DA7A1-67BF-44B3-9DDC-9BA22386D44F}.Debug|Any CPU.ActiveCfg = Debug|Any CPU
		{7A4DA7A1-67BF-44B3-9DDC-9BA22386D44F}.Debug|Any CPU.Build.0 = Debug|Any CPU
		{7A4DA7A1-67BF-44B3-9DDC-9BA22386D44F}.Release|Any CPU.ActiveCfg = Release|Any CPU
		{7A4DA7A1-67BF-44B3-9DDC-9BA22386D44F}.Release|Any CPU.Build.0 = Release|Any CPU
		{E60345DC-5C10-4039-928B-66B09F0CEE2C}.Debug|Any CPU.ActiveCfg = Debug|Any CPU
		{E60345DC-5C10-4039-928B-66B09F0CEE2C}.Debug|Any CPU.Build.0 = Debug|Any CPU
		{E60345DC-5C10-4039-928B-66B09F0CEE2C}.Release|Any CPU.ActiveCfg = Release|Any CPU
		{E60345DC-5C10-4039-928B-66B09F0CEE2C}.Release|Any CPU.Build.0 = Release|Any CPU
		{2D079422-BE3E-4496-9371-81220B3EFDA3}.Debug|Any CPU.ActiveCfg = Debug|Any CPU
		{2D079422-BE3E-4496-9371-81220B3EFDA3}.Debug|Any CPU.Build.0 = Debug|Any CPU
		{2D079422-BE3E-4496-9371-81220B3EFDA3}.Release|Any CPU.ActiveCfg = Release|Any CPU
		{2D079422-BE3E-4496-9371-81220B3EFDA3}.Release|Any CPU.Build.0 = Release|Any CPU
		{011435FD-E4AD-49E9-9A8D-E7213A552041}.Debug|Any CPU.ActiveCfg = Debug|Any CPU
		{011435FD-E4AD-49E9-9A8D-E7213A552041}.Debug|Any CPU.Build.0 = Debug|Any CPU
		{011435FD-E4AD-49E9-9A8D-E7213A552041}.Release|Any CPU.ActiveCfg = Release|Any CPU
		{011435FD-E4AD-49E9-9A8D-E7213A552041}.Release|Any CPU.Build.0 = Release|Any CPU
		{C42CCED4-F035-4EBC-8ED3-BC7E9397B4EC}.Debug|Any CPU.ActiveCfg = Debug|Any CPU
		{C42CCED4-F035-4EBC-8ED3-BC7E9397B4EC}.Debug|Any CPU.Build.0 = Debug|Any CPU
		{C42CCED4-F035-4EBC-8ED3-BC7E9397B4EC}.Release|Any CPU.ActiveCfg = Release|Any CPU
		{C42CCED4-F035-4EBC-8ED3-BC7E9397B4EC}.Release|Any CPU.Build.0 = Release|Any CPU
		{EECFF61A-566B-4DD3-8ADD-7B1F8F50B27B}.Debug|Any CPU.ActiveCfg = Debug|Any CPU
		{EECFF61A-566B-4DD3-8ADD-7B1F8F50B27B}.Debug|Any CPU.Build.0 = Debug|Any CPU
		{EECFF61A-566B-4DD3-8ADD-7B1F8F50B27B}.Release|Any CPU.ActiveCfg = Release|Any CPU
		{EECFF61A-566B-4DD3-8ADD-7B1F8F50B27B}.Release|Any CPU.Build.0 = Release|Any CPU
		{F56B8688-0BC7-4BB8-9CC3-078EF83C93EA}.Debug|Any CPU.ActiveCfg = Debug|Any CPU
		{F56B8688-0BC7-4BB8-9CC3-078EF83C93EA}.Debug|Any CPU.Build.0 = Debug|Any CPU
		{F56B8688-0BC7-4BB8-9CC3-078EF83C93EA}.Release|Any CPU.ActiveCfg = Release|Any CPU
		{F56B8688-0BC7-4BB8-9CC3-078EF83C93EA}.Release|Any CPU.Build.0 = Release|Any CPU
		{852DD1A3-E768-4217-A5B8-9D92251D024E}.Debug|Any CPU.ActiveCfg = Debug|Any CPU
		{852DD1A3-E768-4217-A5B8-9D92251D024E}.Debug|Any CPU.Build.0 = Debug|Any CPU
		{852DD1A3-E768-4217-A5B8-9D92251D024E}.Release|Any CPU.ActiveCfg = Release|Any CPU
		{852DD1A3-E768-4217-A5B8-9D92251D024E}.Release|Any CPU.Build.0 = Release|Any CPU
	EndGlobalSection
	GlobalSection(SolutionProperties) = preSolution
		HideSolutionNode = FALSE
	EndGlobalSection
	GlobalSection(ExtensibilityGlobals) = postSolution
		SolutionGuid = {96F65E35-831E-40A1-A856-1614337527D4}
	EndGlobalSection
EndGlobal
