
Microsoft Visual Studio Solution File, Format Version 12.00
# Visual Studio Version 16
VisualStudioVersion = 16.0.31624.102
MinimumVisualStudioVersion = 10.0.40219.1
Project("{9A19103F-16F7-4668-BE54-9A1E7A4F7556}") = "T01TheFightForGondor", "Mid Exam Preparation\T01TheFightForGondor.csproj", "{15D4474A-A1CE-4464-A16D-3DC76221135B}"
EndProject
Project("{9A19103F-16F7-4668-BE54-9A1E7A4F7556}") = "T02SuperMario", "T0SuperMario\T02SuperMario.csproj", "{A904D545-1371-46BD-AB31-5B35A0B7A19C}"
EndProject
Project("{9A19103F-16F7-4668-BE54-9A1E7A4F7556}") = "T03Classroom", "T03Classroom\T03Classroom.csproj", "{A399D4E3-65A2-4549-A6B7-5591BFC58DF0}"
EndProject
Project("{9A19103F-16F7-4668-BE54-9A1E7A4F7556}") = "Т01WarmWinter", "Т01WarmWinter\Т01WarmWinter.csproj", "{DB9359F5-28D7-4F5D-AC74-B730D8CC71AB}"
EndProject
Project("{9A19103F-16F7-4668-BE54-9A1E7A4F7556}") = "T02Warships", "T02Warships\T02Warships.csproj", "{32889011-32CD-499A-8ECB-C3026B26CEB1}"
EndProject
Project("{9A19103F-16F7-4668-BE54-9A1E7A4F7556}") = "T03VetClinic", "T03VetClinic\T03VetClinic.csproj", "{92B514DF-F09B-4BD6-A408-9D38B329EF11}"
EndProject
Project("{9A19103F-16F7-4668-BE54-9A1E7A4F7556}") = "T01Blacksmith", "ConsoleApp1\T01Blacksmith.csproj", "{1B9FE0BE-7DC1-4767-8B39-688444054CFD}"
EndProject
Project("{9A19103F-16F7-4668-BE54-9A1E7A4F7556}") = "T02Armory", "T02Armory\T02Armory.csproj", "{A8C980FC-359E-448F-9B67-E82697B8B995}"
EndProject
Project("{9A19103F-16F7-4668-BE54-9A1E7A4F7556}") = "T03Drones", "T03Drones\T03Drones.csproj", "{4D74553A-EB87-4707-BE50-D6EA6BB6D2BE}"
EndProject
Project("{9A19103F-16F7-4668-BE54-9A1E7A4F7556}") = "T01FoodFinder", "T0FoodFinder\T01FoodFinder.csproj", "{7A83C400-2EFE-41EE-B4CC-EDFA5EEDE4DF}"
EndProject
Project("{9A19103F-16F7-4668-BE54-9A1E7A4F7556}") = "T02PawnWars", "T02PawnWars\T02PawnWars.csproj", "{C29C5CB5-5156-4F25-B272-95656A09D4A4}"
EndProject
Project("{9A19103F-16F7-4668-BE54-9A1E7A4F7556}") = "T03StockMarket", "T03StockMarket\T03StockMarket.csproj", "{FA5A5448-8EBF-4DAF-8346-06C722CDC3E0}"
EndProject
Project("{9A19103F-16F7-4668-BE54-9A1E7A4F7556}") = "T02Survivor", "T02Survivor\T02Survivor.csproj", "{5F1AB59B-A4A6-45A8-9BB3-11B2BF04D620}"
EndProject
Project("{9A19103F-16F7-4668-BE54-9A1E7A4F7556}") = "T01BirthdayCelebration", "T01BirthdayCelebration\T01BirthdayCelebration.csproj", "{7BF14E78-03C5-4C8E-9EA8-AD6CEBB0C7DA}"
EndProject
Project("{9A19103F-16F7-4668-BE54-9A1E7A4F7556}") = "T02TheBattleOfTheFiveArmies", "T02TheBattleOfTheFiveArmies\T02TheBattleOfTheFiveArmies.csproj", "{88935FD9-F415-4D19-97DE-6B46A787F970}"
EndProject
Project("{9A19103F-16F7-4668-BE54-9A1E7A4F7556}") = "T03StreetRacing", "T03StreetRacing\T03StreetRacing.csproj", "{D2D53DBF-EDBC-4662-9FC8-4D4349E7BE85}"
EndProject
Project("{9A19103F-16F7-4668-BE54-9A1E7A4F7556}") = "T01Masterchef", "T01Masterchef\T01Masterchef.csproj", "{4A15FF62-B860-4B68-ADDC-5CE5CA953761}"
EndProject
Project("{9A19103F-16F7-4668-BE54-9A1E7A4F7556}") = "T03SkiRental", "T03SkiRental\T03SkiRental.csproj", "{CC14D386-13DB-47D2-A5C3-F7EB5057F8A0}"
EndProject
Project("{9A19103F-16F7-4668-BE54-9A1E7A4F7556}") = "T01Lootbox", "T01Lootbox\T01Lootbox.csproj", "{A296474D-7FC1-430F-BBDC-6073F644269C}"
EndProject
Project("{9A19103F-16F7-4668-BE54-9A1E7A4F7556}") = "T02Re-Volt", "T02Re-Volt\T02Re-Volt.csproj", "{2733ECC0-700E-4443-9460-D87C5D9E4BAE}"
EndProject
Project("{9A19103F-16F7-4668-BE54-9A1E7A4F7556}") = "T03Guild", "T03Guild\T03Guild.csproj", "{6C272E23-9DBD-444B-8A32-6CCB1CA18AE5}"
EndProject
Project("{9A19103F-16F7-4668-BE54-9A1E7A4F7556}") = "T02Re-VoltVer2", "T02Re-VoltVer2\T02Re-VoltVer2.csproj", "{F0AFB1AC-84E9-4CAD-B621-D74900450FAD}"
EndProject
Project("{9A19103F-16F7-4668-BE54-9A1E7A4F7556}") = "T03CocktailParty", "T03CocktailParty\T03CocktailParty.csproj", "{1E332EFC-672A-4394-A917-FF3028CAE5C4}"
EndProject
Project("{9A19103F-16F7-4668-BE54-9A1E7A4F7556}") = "T03TheRace", "T03TheRace\T03TheRace.csproj", "{B1326DC1-600F-4124-8EB1-FA26EBD9B975}"
EndProject
Project("{9A19103F-16F7-4668-BE54-9A1E7A4F7556}") = "T01Cooking", "T01Cooking\T01Cooking.csproj", "{ADA3CD70-BBE8-4E87-ADF0-16506B8D1D28}"
EndProject
Project("{9A19103F-16F7-4668-BE54-9A1E7A4F7556}") = "T02Selling", "T02Selling\T02Selling.csproj", "{A29A2A5B-1BA8-411B-BF4D-8A904EB0C89E}"
EndProject
Project("{9A19103F-16F7-4668-BE54-9A1E7A4F7556}") = "T03Openning", "T03Openning\T03Openning.csproj", "{29BE7B9B-F8DC-4685-99CC-0FE2583D4526}"
EndProject
Project("{9A19103F-16F7-4668-BE54-9A1E7A4F7556}") = "T01Scheduling", "T01Scheduling\T01Scheduling.csproj", "{C2640858-8172-439A-80C2-51FD1D81BA35}"
EndProject
Project("{9A19103F-16F7-4668-BE54-9A1E7A4F7556}") = "T02Garden", "T02Garden\T02Garden.csproj", "{A94B99D0-9AB1-4605-9F58-B7D6FBF7D6E6}"
EndProject
Project("{9A19103F-16F7-4668-BE54-9A1E7A4F7556}") = "T02GardenVer2", "T02GardenVer2\T02GardenVer2.csproj", "{F584DECB-494F-4FA8-B749-090E115FBCF0}"
EndProject
Project("{9A19103F-16F7-4668-BE54-9A1E7A4F7556}") = "T01FlowerWreaths", "T01FlowerWreaths\T01FlowerWreaths.csproj", "{66839D0F-729D-4D84-ADB7-806B7A07192D}"
EndProject
Project("{9A19103F-16F7-4668-BE54-9A1E7A4F7556}") = "T02Bee", "T02Bee\T02Bee.csproj", "{BB1F10B6-DACE-42D3-B769-9FE765BAF634}"
EndProject
Project("{9A19103F-16F7-4668-BE54-9A1E7A4F7556}") = "T01Bombs", "T01Bombs\T01Bombs.csproj", "{DF353544-E3B5-4247-95D5-65AE827C304B}"
EndProject
Project("{9A19103F-16F7-4668-BE54-9A1E7A4F7556}") = "T03Number Wars", "T03Number Wars\T03Number Wars.csproj", "{EC0FDB79-87DB-4CCC-8499-25E6A39AE65A}"
EndProject
Project("{FAE04EC0-301F-11D3-BF4B-00C04F79EFBC}") = "T02Snake", "T02Snake\T02Snake.csproj", "{EC427687-B8D9-422F-979F-3020CA18921C}"
EndProject
Project("{FAE04EC0-301F-11D3-BF4B-00C04F79EFBC}") = "T03Parking", "T03Parking\T03Parking.csproj", "{2D412561-BA9D-4F98-9DE6-EB9C2F40238D}"
EndProject
Global
	GlobalSection(SolutionConfigurationPlatforms) = preSolution
		Debug|Any CPU = Debug|Any CPU
		Release|Any CPU = Release|Any CPU
	EndGlobalSection
	GlobalSection(ProjectConfigurationPlatforms) = postSolution
		{15D4474A-A1CE-4464-A16D-3DC76221135B}.Debug|Any CPU.ActiveCfg = Debug|Any CPU
		{15D4474A-A1CE-4464-A16D-3DC76221135B}.Debug|Any CPU.Build.0 = Debug|Any CPU
		{15D4474A-A1CE-4464-A16D-3DC76221135B}.Release|Any CPU.ActiveCfg = Release|Any CPU
		{15D4474A-A1CE-4464-A16D-3DC76221135B}.Release|Any CPU.Build.0 = Release|Any CPU
		{A904D545-1371-46BD-AB31-5B35A0B7A19C}.Debug|Any CPU.ActiveCfg = Debug|Any CPU
		{A904D545-1371-46BD-AB31-5B35A0B7A19C}.Debug|Any CPU.Build.0 = Debug|Any CPU
		{A904D545-1371-46BD-AB31-5B35A0B7A19C}.Release|Any CPU.ActiveCfg = Release|Any CPU
		{A904D545-1371-46BD-AB31-5B35A0B7A19C}.Release|Any CPU.Build.0 = Release|Any CPU
		{A399D4E3-65A2-4549-A6B7-5591BFC58DF0}.Debug|Any CPU.ActiveCfg = Debug|Any CPU
		{A399D4E3-65A2-4549-A6B7-5591BFC58DF0}.Debug|Any CPU.Build.0 = Debug|Any CPU
		{A399D4E3-65A2-4549-A6B7-5591BFC58DF0}.Release|Any CPU.ActiveCfg = Release|Any CPU
		{A399D4E3-65A2-4549-A6B7-5591BFC58DF0}.Release|Any CPU.Build.0 = Release|Any CPU
		{DB9359F5-28D7-4F5D-AC74-B730D8CC71AB}.Debug|Any CPU.ActiveCfg = Debug|Any CPU
		{DB9359F5-28D7-4F5D-AC74-B730D8CC71AB}.Debug|Any CPU.Build.0 = Debug|Any CPU
		{DB9359F5-28D7-4F5D-AC74-B730D8CC71AB}.Release|Any CPU.ActiveCfg = Release|Any CPU
		{DB9359F5-28D7-4F5D-AC74-B730D8CC71AB}.Release|Any CPU.Build.0 = Release|Any CPU
		{32889011-32CD-499A-8ECB-C3026B26CEB1}.Debug|Any CPU.ActiveCfg = Debug|Any CPU
		{32889011-32CD-499A-8ECB-C3026B26CEB1}.Debug|Any CPU.Build.0 = Debug|Any CPU
		{32889011-32CD-499A-8ECB-C3026B26CEB1}.Release|Any CPU.ActiveCfg = Release|Any CPU
		{32889011-32CD-499A-8ECB-C3026B26CEB1}.Release|Any CPU.Build.0 = Release|Any CPU
		{92B514DF-F09B-4BD6-A408-9D38B329EF11}.Debug|Any CPU.ActiveCfg = Debug|Any CPU
		{92B514DF-F09B-4BD6-A408-9D38B329EF11}.Debug|Any CPU.Build.0 = Debug|Any CPU
		{92B514DF-F09B-4BD6-A408-9D38B329EF11}.Release|Any CPU.ActiveCfg = Release|Any CPU
		{92B514DF-F09B-4BD6-A408-9D38B329EF11}.Release|Any CPU.Build.0 = Release|Any CPU
		{1B9FE0BE-7DC1-4767-8B39-688444054CFD}.Debug|Any CPU.ActiveCfg = Debug|Any CPU
		{1B9FE0BE-7DC1-4767-8B39-688444054CFD}.Debug|Any CPU.Build.0 = Debug|Any CPU
		{1B9FE0BE-7DC1-4767-8B39-688444054CFD}.Release|Any CPU.ActiveCfg = Release|Any CPU
		{1B9FE0BE-7DC1-4767-8B39-688444054CFD}.Release|Any CPU.Build.0 = Release|Any CPU
		{A8C980FC-359E-448F-9B67-E82697B8B995}.Debug|Any CPU.ActiveCfg = Debug|Any CPU
		{A8C980FC-359E-448F-9B67-E82697B8B995}.Debug|Any CPU.Build.0 = Debug|Any CPU
		{A8C980FC-359E-448F-9B67-E82697B8B995}.Release|Any CPU.ActiveCfg = Release|Any CPU
		{A8C980FC-359E-448F-9B67-E82697B8B995}.Release|Any CPU.Build.0 = Release|Any CPU
		{4D74553A-EB87-4707-BE50-D6EA6BB6D2BE}.Debug|Any CPU.ActiveCfg = Debug|Any CPU
		{4D74553A-EB87-4707-BE50-D6EA6BB6D2BE}.Debug|Any CPU.Build.0 = Debug|Any CPU
		{4D74553A-EB87-4707-BE50-D6EA6BB6D2BE}.Release|Any CPU.ActiveCfg = Release|Any CPU
		{4D74553A-EB87-4707-BE50-D6EA6BB6D2BE}.Release|Any CPU.Build.0 = Release|Any CPU
		{7A83C400-2EFE-41EE-B4CC-EDFA5EEDE4DF}.Debug|Any CPU.ActiveCfg = Debug|Any CPU
		{7A83C400-2EFE-41EE-B4CC-EDFA5EEDE4DF}.Debug|Any CPU.Build.0 = Debug|Any CPU
		{7A83C400-2EFE-41EE-B4CC-EDFA5EEDE4DF}.Release|Any CPU.ActiveCfg = Release|Any CPU
		{7A83C400-2EFE-41EE-B4CC-EDFA5EEDE4DF}.Release|Any CPU.Build.0 = Release|Any CPU
		{C29C5CB5-5156-4F25-B272-95656A09D4A4}.Debug|Any CPU.ActiveCfg = Debug|Any CPU
		{C29C5CB5-5156-4F25-B272-95656A09D4A4}.Debug|Any CPU.Build.0 = Debug|Any CPU
		{C29C5CB5-5156-4F25-B272-95656A09D4A4}.Release|Any CPU.ActiveCfg = Release|Any CPU
		{C29C5CB5-5156-4F25-B272-95656A09D4A4}.Release|Any CPU.Build.0 = Release|Any CPU
		{FA5A5448-8EBF-4DAF-8346-06C722CDC3E0}.Debug|Any CPU.ActiveCfg = Debug|Any CPU
		{FA5A5448-8EBF-4DAF-8346-06C722CDC3E0}.Debug|Any CPU.Build.0 = Debug|Any CPU
		{FA5A5448-8EBF-4DAF-8346-06C722CDC3E0}.Release|Any CPU.ActiveCfg = Release|Any CPU
		{FA5A5448-8EBF-4DAF-8346-06C722CDC3E0}.Release|Any CPU.Build.0 = Release|Any CPU
		{5F1AB59B-A4A6-45A8-9BB3-11B2BF04D620}.Debug|Any CPU.ActiveCfg = Debug|Any CPU
		{5F1AB59B-A4A6-45A8-9BB3-11B2BF04D620}.Debug|Any CPU.Build.0 = Debug|Any CPU
		{5F1AB59B-A4A6-45A8-9BB3-11B2BF04D620}.Release|Any CPU.ActiveCfg = Release|Any CPU
		{5F1AB59B-A4A6-45A8-9BB3-11B2BF04D620}.Release|Any CPU.Build.0 = Release|Any CPU
		{7BF14E78-03C5-4C8E-9EA8-AD6CEBB0C7DA}.Debug|Any CPU.ActiveCfg = Debug|Any CPU
		{7BF14E78-03C5-4C8E-9EA8-AD6CEBB0C7DA}.Debug|Any CPU.Build.0 = Debug|Any CPU
		{7BF14E78-03C5-4C8E-9EA8-AD6CEBB0C7DA}.Release|Any CPU.ActiveCfg = Release|Any CPU
		{7BF14E78-03C5-4C8E-9EA8-AD6CEBB0C7DA}.Release|Any CPU.Build.0 = Release|Any CPU
		{88935FD9-F415-4D19-97DE-6B46A787F970}.Debug|Any CPU.ActiveCfg = Debug|Any CPU
		{88935FD9-F415-4D19-97DE-6B46A787F970}.Debug|Any CPU.Build.0 = Debug|Any CPU
		{88935FD9-F415-4D19-97DE-6B46A787F970}.Release|Any CPU.ActiveCfg = Release|Any CPU
		{88935FD9-F415-4D19-97DE-6B46A787F970}.Release|Any CPU.Build.0 = Release|Any CPU
		{D2D53DBF-EDBC-4662-9FC8-4D4349E7BE85}.Debug|Any CPU.ActiveCfg = Debug|Any CPU
		{D2D53DBF-EDBC-4662-9FC8-4D4349E7BE85}.Debug|Any CPU.Build.0 = Debug|Any CPU
		{D2D53DBF-EDBC-4662-9FC8-4D4349E7BE85}.Release|Any CPU.ActiveCfg = Release|Any CPU
		{D2D53DBF-EDBC-4662-9FC8-4D4349E7BE85}.Release|Any CPU.Build.0 = Release|Any CPU
		{4A15FF62-B860-4B68-ADDC-5CE5CA953761}.Debug|Any CPU.ActiveCfg = Debug|Any CPU
		{4A15FF62-B860-4B68-ADDC-5CE5CA953761}.Debug|Any CPU.Build.0 = Debug|Any CPU
		{4A15FF62-B860-4B68-ADDC-5CE5CA953761}.Release|Any CPU.ActiveCfg = Release|Any CPU
		{4A15FF62-B860-4B68-ADDC-5CE5CA953761}.Release|Any CPU.Build.0 = Release|Any CPU
		{CC14D386-13DB-47D2-A5C3-F7EB5057F8A0}.Debug|Any CPU.ActiveCfg = Debug|Any CPU
		{CC14D386-13DB-47D2-A5C3-F7EB5057F8A0}.Debug|Any CPU.Build.0 = Debug|Any CPU
		{CC14D386-13DB-47D2-A5C3-F7EB5057F8A0}.Release|Any CPU.ActiveCfg = Release|Any CPU
		{CC14D386-13DB-47D2-A5C3-F7EB5057F8A0}.Release|Any CPU.Build.0 = Release|Any CPU
		{A296474D-7FC1-430F-BBDC-6073F644269C}.Debug|Any CPU.ActiveCfg = Debug|Any CPU
		{A296474D-7FC1-430F-BBDC-6073F644269C}.Debug|Any CPU.Build.0 = Debug|Any CPU
		{A296474D-7FC1-430F-BBDC-6073F644269C}.Release|Any CPU.ActiveCfg = Release|Any CPU
		{A296474D-7FC1-430F-BBDC-6073F644269C}.Release|Any CPU.Build.0 = Release|Any CPU
		{2733ECC0-700E-4443-9460-D87C5D9E4BAE}.Debug|Any CPU.ActiveCfg = Debug|Any CPU
		{2733ECC0-700E-4443-9460-D87C5D9E4BAE}.Debug|Any CPU.Build.0 = Debug|Any CPU
		{2733ECC0-700E-4443-9460-D87C5D9E4BAE}.Release|Any CPU.ActiveCfg = Release|Any CPU
		{2733ECC0-700E-4443-9460-D87C5D9E4BAE}.Release|Any CPU.Build.0 = Release|Any CPU
		{6C272E23-9DBD-444B-8A32-6CCB1CA18AE5}.Debug|Any CPU.ActiveCfg = Debug|Any CPU
		{6C272E23-9DBD-444B-8A32-6CCB1CA18AE5}.Debug|Any CPU.Build.0 = Debug|Any CPU
		{6C272E23-9DBD-444B-8A32-6CCB1CA18AE5}.Release|Any CPU.ActiveCfg = Release|Any CPU
		{6C272E23-9DBD-444B-8A32-6CCB1CA18AE5}.Release|Any CPU.Build.0 = Release|Any CPU
		{F0AFB1AC-84E9-4CAD-B621-D74900450FAD}.Debug|Any CPU.ActiveCfg = Debug|Any CPU
		{F0AFB1AC-84E9-4CAD-B621-D74900450FAD}.Debug|Any CPU.Build.0 = Debug|Any CPU
		{F0AFB1AC-84E9-4CAD-B621-D74900450FAD}.Release|Any CPU.ActiveCfg = Release|Any CPU
		{F0AFB1AC-84E9-4CAD-B621-D74900450FAD}.Release|Any CPU.Build.0 = Release|Any CPU
		{1E332EFC-672A-4394-A917-FF3028CAE5C4}.Debug|Any CPU.ActiveCfg = Debug|Any CPU
		{1E332EFC-672A-4394-A917-FF3028CAE5C4}.Debug|Any CPU.Build.0 = Debug|Any CPU
		{1E332EFC-672A-4394-A917-FF3028CAE5C4}.Release|Any CPU.ActiveCfg = Release|Any CPU
		{1E332EFC-672A-4394-A917-FF3028CAE5C4}.Release|Any CPU.Build.0 = Release|Any CPU
		{B1326DC1-600F-4124-8EB1-FA26EBD9B975}.Debug|Any CPU.ActiveCfg = Debug|Any CPU
		{B1326DC1-600F-4124-8EB1-FA26EBD9B975}.Debug|Any CPU.Build.0 = Debug|Any CPU
		{B1326DC1-600F-4124-8EB1-FA26EBD9B975}.Release|Any CPU.ActiveCfg = Release|Any CPU
		{B1326DC1-600F-4124-8EB1-FA26EBD9B975}.Release|Any CPU.Build.0 = Release|Any CPU
		{ADA3CD70-BBE8-4E87-ADF0-16506B8D1D28}.Debug|Any CPU.ActiveCfg = Debug|Any CPU
		{ADA3CD70-BBE8-4E87-ADF0-16506B8D1D28}.Debug|Any CPU.Build.0 = Debug|Any CPU
		{ADA3CD70-BBE8-4E87-ADF0-16506B8D1D28}.Release|Any CPU.ActiveCfg = Release|Any CPU
		{ADA3CD70-BBE8-4E87-ADF0-16506B8D1D28}.Release|Any CPU.Build.0 = Release|Any CPU
		{A29A2A5B-1BA8-411B-BF4D-8A904EB0C89E}.Debug|Any CPU.ActiveCfg = Debug|Any CPU
		{A29A2A5B-1BA8-411B-BF4D-8A904EB0C89E}.Debug|Any CPU.Build.0 = Debug|Any CPU
		{A29A2A5B-1BA8-411B-BF4D-8A904EB0C89E}.Release|Any CPU.ActiveCfg = Release|Any CPU
		{A29A2A5B-1BA8-411B-BF4D-8A904EB0C89E}.Release|Any CPU.Build.0 = Release|Any CPU
		{29BE7B9B-F8DC-4685-99CC-0FE2583D4526}.Debug|Any CPU.ActiveCfg = Debug|Any CPU
		{29BE7B9B-F8DC-4685-99CC-0FE2583D4526}.Debug|Any CPU.Build.0 = Debug|Any CPU
		{29BE7B9B-F8DC-4685-99CC-0FE2583D4526}.Release|Any CPU.ActiveCfg = Release|Any CPU
		{29BE7B9B-F8DC-4685-99CC-0FE2583D4526}.Release|Any CPU.Build.0 = Release|Any CPU
		{C2640858-8172-439A-80C2-51FD1D81BA35}.Debug|Any CPU.ActiveCfg = Debug|Any CPU
		{C2640858-8172-439A-80C2-51FD1D81BA35}.Debug|Any CPU.Build.0 = Debug|Any CPU
		{C2640858-8172-439A-80C2-51FD1D81BA35}.Release|Any CPU.ActiveCfg = Release|Any CPU
		{C2640858-8172-439A-80C2-51FD1D81BA35}.Release|Any CPU.Build.0 = Release|Any CPU
		{A94B99D0-9AB1-4605-9F58-B7D6FBF7D6E6}.Debug|Any CPU.ActiveCfg = Debug|Any CPU
		{A94B99D0-9AB1-4605-9F58-B7D6FBF7D6E6}.Debug|Any CPU.Build.0 = Debug|Any CPU
		{A94B99D0-9AB1-4605-9F58-B7D6FBF7D6E6}.Release|Any CPU.ActiveCfg = Release|Any CPU
		{A94B99D0-9AB1-4605-9F58-B7D6FBF7D6E6}.Release|Any CPU.Build.0 = Release|Any CPU
		{F584DECB-494F-4FA8-B749-090E115FBCF0}.Debug|Any CPU.ActiveCfg = Debug|Any CPU
		{F584DECB-494F-4FA8-B749-090E115FBCF0}.Debug|Any CPU.Build.0 = Debug|Any CPU
		{F584DECB-494F-4FA8-B749-090E115FBCF0}.Release|Any CPU.ActiveCfg = Release|Any CPU
		{F584DECB-494F-4FA8-B749-090E115FBCF0}.Release|Any CPU.Build.0 = Release|Any CPU
		{66839D0F-729D-4D84-ADB7-806B7A07192D}.Debug|Any CPU.ActiveCfg = Debug|Any CPU
		{66839D0F-729D-4D84-ADB7-806B7A07192D}.Debug|Any CPU.Build.0 = Debug|Any CPU
		{66839D0F-729D-4D84-ADB7-806B7A07192D}.Release|Any CPU.ActiveCfg = Release|Any CPU
		{66839D0F-729D-4D84-ADB7-806B7A07192D}.Release|Any CPU.Build.0 = Release|Any CPU
		{BB1F10B6-DACE-42D3-B769-9FE765BAF634}.Debug|Any CPU.ActiveCfg = Debug|Any CPU
		{BB1F10B6-DACE-42D3-B769-9FE765BAF634}.Debug|Any CPU.Build.0 = Debug|Any CPU
		{BB1F10B6-DACE-42D3-B769-9FE765BAF634}.Release|Any CPU.ActiveCfg = Release|Any CPU
		{BB1F10B6-DACE-42D3-B769-9FE765BAF634}.Release|Any CPU.Build.0 = Release|Any CPU
		{DF353544-E3B5-4247-95D5-65AE827C304B}.Debug|Any CPU.ActiveCfg = Debug|Any CPU
		{DF353544-E3B5-4247-95D5-65AE827C304B}.Debug|Any CPU.Build.0 = Debug|Any CPU
		{DF353544-E3B5-4247-95D5-65AE827C304B}.Release|Any CPU.ActiveCfg = Release|Any CPU
		{DF353544-E3B5-4247-95D5-65AE827C304B}.Release|Any CPU.Build.0 = Release|Any CPU
		{EC0FDB79-87DB-4CCC-8499-25E6A39AE65A}.Debug|Any CPU.ActiveCfg = Debug|Any CPU
		{EC0FDB79-87DB-4CCC-8499-25E6A39AE65A}.Debug|Any CPU.Build.0 = Debug|Any CPU
		{EC0FDB79-87DB-4CCC-8499-25E6A39AE65A}.Release|Any CPU.ActiveCfg = Release|Any CPU
		{EC0FDB79-87DB-4CCC-8499-25E6A39AE65A}.Release|Any CPU.Build.0 = Release|Any CPU
		{EC427687-B8D9-422F-979F-3020CA18921C}.Debug|Any CPU.ActiveCfg = Debug|Any CPU
		{EC427687-B8D9-422F-979F-3020CA18921C}.Debug|Any CPU.Build.0 = Debug|Any CPU
		{EC427687-B8D9-422F-979F-3020CA18921C}.Release|Any CPU.ActiveCfg = Release|Any CPU
		{EC427687-B8D9-422F-979F-3020CA18921C}.Release|Any CPU.Build.0 = Release|Any CPU
		{2D412561-BA9D-4F98-9DE6-EB9C2F40238D}.Debug|Any CPU.ActiveCfg = Debug|Any CPU
		{2D412561-BA9D-4F98-9DE6-EB9C2F40238D}.Debug|Any CPU.Build.0 = Debug|Any CPU
		{2D412561-BA9D-4F98-9DE6-EB9C2F40238D}.Release|Any CPU.ActiveCfg = Release|Any CPU
		{2D412561-BA9D-4F98-9DE6-EB9C2F40238D}.Release|Any CPU.Build.0 = Release|Any CPU
	EndGlobalSection
	GlobalSection(SolutionProperties) = preSolution
		HideSolutionNode = FALSE
	EndGlobalSection
	GlobalSection(ExtensibilityGlobals) = postSolution
		SolutionGuid = {778A3973-9925-4748-893F-8DFD62B19D9E}
	EndGlobalSection
EndGlobal
